{
  "name": "service-national-universel",
  "lockfileVersion": 3,
  "requires": true,
  "packages": {
    "": {
      "name": "service-national-universel",
      "workspaces": [
        "packages/*",
        "app",
        "admin",
        "api",
        "analytics"
      ],
      "dependencies": {
        "libphonenumber-js": "^1.10.42",
        "sanitize-html": "^2.11.0",
        "turbo": "^1.10.13"
      },
      "engines": {
        "node": "^18.16.0",
        "npm": "^9.5.1",
        "yarn": "🍎 This project uses NPM, please do not use YARN. 🍎"
      }
    },
    "admin": {
      "version": "1.0.0",
      "extraneous": true,
      "hasInstallScript": true,
      "dependencies": {
        "@appbaseio/reactivesearch": "3.42.1",
        "@headlessui/react": "^1.7.4",
        "@sentry/integrations": "^7.58.1",
        "@sentry/react": "^7.58.1",
        "bootstrap": "4.6.2",
        "browser-image-resizer": "^2.4.1",
        "chart.js": "^4.2.1",
        "core-js": "3.26.0",
        "dayjs": "1.11.9",
        "express": "4.18.2",
        "fetch-retry": "^5.0.6",
        "file-saver": "2.0.5",
        "forcedomain": "2.2.11",
        "formik": "2.2.9",
        "helmet": "4.6.0",
        "history": "^4.9.0",
        "hsts": "2.2.0",
        "i18n-iso-countries": "7.5.0",
        "libphonenumber-js": "^1.10.28",
        "password-validator": "5.3.0",
        "path": "0.12.7",
        "query-string": "6.14.1",
        "react": "16.14.0",
        "react-autosuggest": "10.1.0",
        "react-beautiful-dnd": "13.1.1",
        "react-chartjs-2": "^5.2.0",
        "react-datepicker": "^4.8.0",
        "react-day-picker": "^8.6.0",
        "react-dom": "16.14.0",
        "react-hook-form": "^7.43.9",
        "react-icons": "^4.6.0",
        "react-loading": "2.0.3",
        "react-multi-select-component": "3.0.7",
        "react-redux": "7.2.9",
        "react-redux-toastr": "^7.6.11",
        "react-router-dom": "5.3.4",
        "react-select": "5.7.4",
        "react-tooltip": "^4.5.0",
        "reactstrap": "8.10.1",
        "redux": "4.2.0",
        "regenerator-runtime": "0.13.9",
        "sanitize-html": "^2.7.3",
        "slugify": "^1.6.5",
        "snu-lib": "*",
        "styled-components": "5.3.6",
        "validator": "13.7.0",
        "xlsx": "0.17.4"
      },
      "devDependencies": {
        "@sentry/vite-plugin": "^2.2.0",
        "@swc/core": "^1.3.84",
        "@swc/plugin-styled-components": "^1.5.81",
        "@vitejs/plugin-react-swc": "^3.3.2",
        "autoprefixer": "^10.4.13",
        "eslint": "8.27.0",
        "eslint-config-prettier": "^8.8.0",
        "eslint-plugin-prettier": "^4.2.1",
        "eslint-plugin-react": "^7.32.2",
        "eslint-plugin-react-hooks": "^4.6.0",
        "fs": "0.0.1-security",
        "postcss": "^8.4.18",
        "postcss-import": "^14.0.2",
        "postcss-loader": "^6.2.1",
        "prettier": "^2.7.1",
        "tailwindcss": "^3.2.2",
        "vite": "^4.4.9"
      },
      "engines": {
        "node": "^18.16.0",
        "npm": "^9.5.1",
        "yarn": "🍎 This project uses NPM, please do not use YARN. 🍎"
      }
    },
    "analytics": {
      "version": "1.0.0",
      "extraneous": true,
      "license": "ISC",
      "dependencies": {
        "@sentry/integrations": "^7.61.0",
        "@sentry/node": "^7.61.0",
        "body-parser": "^1.20.2",
        "cors": "^2.8.5",
        "dotenv": "^11.0.0",
        "express": "^4.18.2",
        "helmet": "^5.1.1",
        "joi": "^17.9.2",
        "jsonwebtoken": "^9.0.1",
        "node-cron": "^3.0.2",
        "node-fetch": "^2.6.12",
        "nodemon": "^3.0.1",
        "pg": "^8.11.2",
        "sequelize": "^6.32.1"
      },
      "devDependencies": {
        "eslint": "^8.46.0",
        "eslint-config-prettier": "^8.10.0",
        "eslint-plugin-prettier": "^5.0.0",
        "prettier": "^3.0.1"
      },
      "engines": {
        "node": "^18.16.0",
        "npm": "^9.5.1",
        "yarn": "🍎 This project uses NPM, please do not use YARN. 🍎"
      }
    },
    "api": {
      "version": "1.0.0",
      "extraneous": true,
      "license": "MIT",
      "dependencies": {
        "@babel/preset-env": "^7.20.2",
        "@elastic/elasticsearch": "^7.14.0",
        "@selego/mongoose-elastic": "^1.5.0",
        "@sentry/integrations": "^7.58.1",
        "@sentry/node": "^7.58.1",
        "@sentry/profiling-node": "^1.2.1",
        "adm-zip": "^0.5.10",
        "aws-sdk": "^2.1248.0",
        "aws4": "^1.11.0",
        "bcryptjs": "^2.4.3",
        "clamscan": "^2.1.2",
        "cookie-parser": "^1.4.6",
        "cors": "^2.8.5",
        "date-fns": "^2.29.3",
        "dayjs": "^1.11.8",
        "dotenv": "^10.0.0",
        "elasticsearch": "^15.5.0",
        "eslint-plugin-jest": "^27.2.1",
        "express": "^4.18.2",
        "express-fileupload": "^1.4.0",
        "express-session": "^1.17.3",
        "fast-csv": "^4.3.6",
        "file-type": "^16.5.3",
        "gm": "^1.25.0",
        "helmet": "^4.5.0",
        "http-aws-es": "^6.0.0",
        "joi": "^17.7.0",
        "jsonwebtoken": "^9.0.1",
        "mime-types": "^2.1.35",
        "mongoose": "^5.13.9",
        "mongoose-patch-history": "^2.0.0",
        "morgan": "^1.10.0",
        "multer": "^1.4.2",
        "mysql2": "^2.3.3",
        "nanoid": "^2.1.11",
        "netmask": "^2.0.2",
        "node-cron": "^3.0.2",
        "node-fetch": "^2.6.1",
        "passport": "^0.6.0",
        "passport-jwt": "^4.0.0",
        "passport-saml": "^3.2.4",
        "password-validator": "^5.3.0",
        "pm2": "^5.3.0",
        "redis": "^4.6.5",
        "sanitize-html": "^2.7.3",
        "slugify": "^1.6.5",
        "snu-lib": "*",
        "uuid": "^9.0.0",
        "validator": "^13.7.0"
      },
      "devDependencies": {
        "@faker-js/faker": "^6.1.2",
        "csv-parser": "3.0.0",
        "eslint": "^8.41.0",
        "eslint-config-prettier": "^8.8.0",
        "eslint-plugin-jest": "^27.2.1",
        "eslint-plugin-prettier": "^4.2.1",
        "jest": "27.5.1",
        "jest-cli": "27.5.1",
        "nodemon": "^3.0.1",
        "pg": "8.8.0",
        "react-is": "17.0.2",
        "regenerator-runtime": "0.13.9",
        "sib-api-v3-sdk": "^8.5.0",
        "ssh2": "1.11.0",
        "supertest": "6.3.3",
        "xlsx": "^0.18.5"
      },
      "engines": {
        "node": "^18.16.0",
        "npm": "^9.5.1",
        "yarn": "🍎 This project uses NPM, please do not use YARN. 🍎"
      }
    },
    "app": {
      "version": "1.0.0",
      "extraneous": true,
      "hasInstallScript": true,
      "dependencies": {
        "@headlessui/react": "^1.7.13",
        "@heroicons/react": "^2.0.16",
        "@sentry/integrations": "^7.58.1",
        "@sentry/react": "^7.58.1",
        "@sentry/vite-plugin": "^2.2.0",
        "autoprefixer": "^10.4.13",
        "bootstrap": "4.6.2",
        "browser-image-resizer": "^2.4.1",
        "core-js": "^3.30.2",
        "dayjs": "1.11.9",
        "express": "4.18.2",
        "fetch-retry": "^5.0.6",
        "file-saver": "^2.0.5",
        "forcedomain": "2.2.11",
        "formik": "2.2.9",
        "helmet": "4.6.0",
        "history": "^4.9.0",
        "hsts": "2.2.0",
        "i18n-iso-countries": "7.5.0",
        "less": "4.1.3",
        "less-loader": "7.3.0",
        "password-validator": "5.3.0",
        "path": "0.12.7",
        "postcss": "^8.4.18",
        "postcss-import": "^14.0.2",
        "postcss-loader": "^6.2.1",
        "query-string": "6.14.1",
        "react": "16.14.0",
        "react-autosuggest": "10.1.0",
        "react-beautiful-dnd": "13.1.1",
        "react-cookie": "4.1.1",
        "react-datepicker": "^4.8.0",
        "react-dom": "16.14.0",
        "react-helmet": "6.1.0",
        "react-icons": "^4.6.0",
        "react-is": "17.0.2",
        "react-loading": "2.0.3",
        "react-redux": "7.2.9",
        "react-redux-toastr": "^7.6.11",
        "react-responsive-carousel": "3.2.23",
        "react-router-dom": "5.3.4",
        "react-select": "^5.6.0",
        "react-tooltip": "^4.4.3",
        "reactstrap": "8.10.1",
        "redux": "4.2.0",
        "regenerator-runtime": "0.13.9",
        "sanitize-html": "^2.7.3",
        "slugify": "^1.6.5",
        "snu-lib": "*",
        "styled-components": "5.3.6",
        "use-detect-keyboard-open": "^0.2.0",
        "validator": "13.7.0"
      },
      "devDependencies": {
        "@swc/core": "^1.3.84",
        "@swc/plugin-styled-components": "^1.5.81",
        "@vitejs/plugin-react-swc": "^3.3.2",
        "eslint-config-prettier": "^8.8.0",
        "eslint-plugin-prettier": "^4.2.1",
        "eslint-plugin-react": "^7.32.2",
        "eslint-plugin-react-hooks": "^4.6.0",
        "file-loader": "6.2.0",
        "fs": "0.0.1-security",
        "prettier": "^2.7.1",
        "tailwindcss": "^3.2.2",
        "vite": "^4.4.9"
      },
      "engines": {
        "node": "^18.16.0",
        "npm": "^9.5.1",
        "yarn": "🍎 This project uses NPM, please do not use YARN. 🍎"
      }
    },
    "lib": {
      "extraneous": true
    },
    "node_modules/domelementtype": {
      "version": "2.3.0",
      "resolved": "https://registry.npmjs.org/domelementtype/-/domelementtype-2.3.0.tgz",
      "integrity": "sha512-OLETBj6w0OsagBwdXnPdN0cnMfF9opN69co+7ZrbfPGrdpPVNBUj02spi6B1N7wChLQiPn4CSH/zJvXw56gmHw==",
      "funding": [
        {
          "type": "github",
          "url": "https://github.com/sponsors/fb55"
        }
      ]
    },
    "node_modules/is-plain-object": {
      "version": "5.0.0",
      "resolved": "https://registry.npmjs.org/is-plain-object/-/is-plain-object-5.0.0.tgz",
      "integrity": "sha512-VRSzKkbMm5jMDoKLbltAkFQ5Qr7VDiTFGXxYFXXowVj387GeGNOCsOH6Msy00SGZ3Fp84b1Naa1psqgcCIEP5Q==",
      "engines": {
        "node": ">=0.10.0"
      }
    },
    "node_modules/libphonenumber-js": {
      "version": "1.10.42",
      "resolved": "https://registry.npmjs.org/libphonenumber-js/-/libphonenumber-js-1.10.42.tgz",
      "integrity": "sha512-/as6xI3D4Utfd28CCUPvMqX4oVXGMzk4ytzR52ju+sI/sN68LZpr9ED3Kh2kRfBbOALsLeeOSWdtyUPIbNWPrw=="
    },
    "node_modules/parse-srcset": {
      "version": "1.0.2",
      "resolved": "https://registry.npmjs.org/parse-srcset/-/parse-srcset-1.0.2.tgz",
      "integrity": "sha512-/2qh0lav6CmI15FzA3i/2Bzk2zCgQhGMkvhOhKNcBVQ1ldgpbfiNTVslmooUmWJcADi1f1kIeynbDRVzNlfR6Q=="
    },
    "node_modules/picocolors": {
      "version": "1.0.0",
      "resolved": "https://registry.npmjs.org/picocolors/-/picocolors-1.0.0.tgz",
      "integrity": "sha512-1fygroTLlHu66zi26VoTDv8yRgm0Fccecssto+MhsZ0D/DGW2sm8E8AjW7NU5VVTRt5GxbeZ5qBuJr+HyLYkjQ=="
    },
    "node_modules/postcss": {
      "version": "8.4.29",
      "resolved": "https://registry.npmjs.org/postcss/-/postcss-8.4.29.tgz",
      "integrity": "sha512-cbI+jaqIeu/VGqXEarWkRCCffhjgXc0qjBtXpqJhTBohMUjUQnbBr0xqX3vEKudc4iviTewcJo5ajcec5+wdJw==",
      "funding": [
        {
          "type": "opencollective",
          "url": "https://opencollective.com/postcss/"
        },
        {
          "type": "tidelift",
          "url": "https://tidelift.com/funding/github/npm/postcss"
        },
        {
          "type": "github",
          "url": "https://github.com/sponsors/ai"
        }
      ],
      "dependencies": {
        "nanoid": "^3.3.6",
        "picocolors": "^1.0.0",
        "source-map-js": "^1.0.2"
      },
      "engines": {
        "node": "^10 || ^12 || >=14"
      }
    },
    "node_modules/postcss/node_modules/nanoid": {
      "version": "3.3.6",
      "resolved": "https://registry.npmjs.org/nanoid/-/nanoid-3.3.6.tgz",
      "integrity": "sha512-BGcqMMJuToF7i1rt+2PWSNVnWIkGCU78jBG3RxO/bZlnZPK2Cmi2QaffxGO/2RvWi9sL+FAiRiXMgsyxQ1DIDA==",
      "funding": [
        {
          "type": "github",
          "url": "https://github.com/sponsors/ai"
        }
      ],
      "bin": {
        "nanoid": "bin/nanoid.cjs"
      },
      "engines": {
        "node": "^10 || ^12 || ^13.7 || ^14 || >=15.0.1"
      }
    },
    "node_modules/sanitize-html": {
      "version": "2.11.0",
      "resolved": "https://registry.npmjs.org/sanitize-html/-/sanitize-html-2.11.0.tgz",
      "integrity": "sha512-BG68EDHRaGKqlsNjJ2xUB7gpInPA8gVx/mvjO743hZaeMCZ2DwzW7xvsqZ+KNU4QKwj86HJ3uu2liISf2qBBUA==",
      "dependencies": {
        "deepmerge": "^4.2.2",
        "escape-string-regexp": "^4.0.0",
        "htmlparser2": "^8.0.0",
        "is-plain-object": "^5.0.0",
        "parse-srcset": "^1.0.2",
        "postcss": "^8.3.11"
      }
    },
    "node_modules/sanitize-html/node_modules/deepmerge": {
      "version": "4.3.1",
      "resolved": "https://registry.npmjs.org/deepmerge/-/deepmerge-4.3.1.tgz",
      "integrity": "sha512-3sUqbMEc77XqpdNO7FRyRog+eW3ph+GYCbj+rK+uYyRMuwsVy0rMiVtPn+QJlKFvWP/1PYpapqYn0Me2knFn+A==",
      "engines": {
        "node": ">=0.10.0"
      }
    },
    "node_modules/sanitize-html/node_modules/dom-serializer": {
      "version": "2.0.0",
      "resolved": "https://registry.npmjs.org/dom-serializer/-/dom-serializer-2.0.0.tgz",
      "integrity": "sha512-wIkAryiqt/nV5EQKqQpo3SToSOV9J0DnbJqwK7Wv/Trc92zIAYZ4FlMu+JPFW1DfGFt81ZTCGgDEabffXeLyJg==",
      "dependencies": {
        "domelementtype": "^2.3.0",
        "domhandler": "^5.0.2",
        "entities": "^4.2.0"
      },
      "funding": {
        "url": "https://github.com/cheeriojs/dom-serializer?sponsor=1"
      }
    },
    "node_modules/sanitize-html/node_modules/domhandler": {
      "version": "5.0.3",
      "resolved": "https://registry.npmjs.org/domhandler/-/domhandler-5.0.3.tgz",
      "integrity": "sha512-cgwlv/1iFQiFnU96XXgROh8xTeetsnJiDsTc7TYCLFd9+/WNkIqPTxiM/8pSd8VIrhXGTf1Ny1q1hquVqDJB5w==",
      "dependencies": {
        "domelementtype": "^2.3.0"
      },
      "engines": {
        "node": ">= 4"
      },
      "funding": {
        "url": "https://github.com/fb55/domhandler?sponsor=1"
      }
    },
    "node_modules/sanitize-html/node_modules/domutils": {
      "version": "3.1.0",
      "resolved": "https://registry.npmjs.org/domutils/-/domutils-3.1.0.tgz",
      "integrity": "sha512-H78uMmQtI2AhgDJjWeQmHwJJ2bLPD3GMmO7Zja/ZZh84wkm+4ut+IUnUdRa8uCGX88DiVx1j6FRe1XfxEgjEZA==",
      "dependencies": {
        "dom-serializer": "^2.0.0",
        "domelementtype": "^2.3.0",
        "domhandler": "^5.0.3"
      },
      "funding": {
        "url": "https://github.com/fb55/domutils?sponsor=1"
      }
    },
    "node_modules/sanitize-html/node_modules/entities": {
      "version": "4.5.0",
      "resolved": "https://registry.npmjs.org/entities/-/entities-4.5.0.tgz",
      "integrity": "sha512-V0hjH4dGPh9Ao5p0MoRY6BVqtwCjhz6vI5LT8AJ55H+4g9/4vbHx1I54fS0XuclLhDHArPQCiMjDxjaL8fPxhw==",
      "engines": {
        "node": ">=0.12"
      },
      "funding": {
        "url": "https://github.com/fb55/entities?sponsor=1"
      }
    },
    "node_modules/sanitize-html/node_modules/escape-string-regexp": {
      "version": "4.0.0",
      "resolved": "https://registry.npmjs.org/escape-string-regexp/-/escape-string-regexp-4.0.0.tgz",
      "integrity": "sha512-TtpcNJ3XAzx3Gq8sWRzJaVajRs0uVxA2YAkdb1jm2YkPz4G6egUFAyA3n5vtEIZefPk5Wa4UXbKuS5fKkJWdgA==",
      "engines": {
        "node": ">=10"
      },
      "funding": {
        "url": "https://github.com/sponsors/sindresorhus"
      }
    },
    "node_modules/sanitize-html/node_modules/htmlparser2": {
      "version": "8.0.2",
      "resolved": "https://registry.npmjs.org/htmlparser2/-/htmlparser2-8.0.2.tgz",
      "integrity": "sha512-GYdjWKDkbRLkZ5geuHs5NY1puJ+PXwP7+fHPRz06Eirsb9ugf6d8kkXav6ADhcODhFFPMIXyxkxSuMf3D6NCFA==",
      "funding": [
        "https://github.com/fb55/htmlparser2?sponsor=1",
        {
          "type": "github",
          "url": "https://github.com/sponsors/fb55"
        }
      ],
      "dependencies": {
        "domelementtype": "^2.3.0",
        "domhandler": "^5.0.3",
        "domutils": "^3.0.1",
        "entities": "^4.4.0"
      }
    },
    "node_modules/source-map-js": {
      "version": "1.0.2",
      "resolved": "https://registry.npmjs.org/source-map-js/-/source-map-js-1.0.2.tgz",
      "integrity": "sha512-R0XvVJ9WusLiqTCEiGCmICCMplcCkIwwR11mOSD9CR5u+IXYdiseeEuXCVAjS54zqwkLcPNnmU4OeJ6tUrWhDw==",
      "engines": {
        "node": ">=0.10.0"
      }
    },
    "node_modules/turbo": {
      "version": "1.10.13",
      "resolved": "https://registry.npmjs.org/turbo/-/turbo-1.10.13.tgz",
      "integrity": "sha512-vOF5IPytgQPIsgGtT0n2uGZizR2N3kKuPIn4b5p5DdeLoI0BV7uNiydT7eSzdkPRpdXNnO8UwS658VaI4+YSzQ==",
      "bin": {
        "turbo": "bin/turbo"
      },
      "optionalDependencies": {
        "turbo-darwin-64": "1.10.13",
        "turbo-darwin-arm64": "1.10.13",
        "turbo-linux-64": "1.10.13",
        "turbo-linux-arm64": "1.10.13",
        "turbo-windows-64": "1.10.13",
        "turbo-windows-arm64": "1.10.13"
      }
    },
    "node_modules/turbo-darwin-64": {
      "version": "1.10.13",
      "resolved": "https://registry.npmjs.org/turbo-darwin-64/-/turbo-darwin-64-1.10.13.tgz",
      "integrity": "sha512-vmngGfa2dlYvX7UFVncsNDMuT4X2KPyPJ2Jj+xvf5nvQnZR/3IeDEGleGVuMi/hRzdinoxwXqgk9flEmAYp0Xw==",
      "cpu": [
        "x64"
      ],
      "optional": true,
      "os": [
        "darwin"
      ]
    },
    "node_modules/turbo-darwin-arm64": {
      "version": "1.10.13",
      "resolved": "https://registry.npmjs.org/turbo-darwin-arm64/-/turbo-darwin-arm64-1.10.13.tgz",
      "integrity": "sha512-eMoJC+k7gIS4i2qL6rKmrIQGP6Wr9nN4odzzgHFngLTMimok2cGLK3qbJs5O5F/XAtEeRAmuxeRnzQwTl/iuAw==",
      "cpu": [
        "arm64"
      ],
      "optional": true,
      "os": [
        "darwin"
      ]
    },
    "node_modules/turbo-linux-64": {
      "version": "1.10.13",
      "resolved": "https://registry.npmjs.org/turbo-linux-64/-/turbo-linux-64-1.10.13.tgz",
      "integrity": "sha512-0CyYmnKTs6kcx7+JRH3nPEqCnzWduM0hj8GP/aodhaIkLNSAGAa+RiYZz6C7IXN+xUVh5rrWTnU2f1SkIy7Gdg==",
      "cpu": [
        "x64"
      ],
      "optional": true,
      "os": [
        "linux"
      ]
    },
    "node_modules/turbo-linux-arm64": {
      "version": "1.10.13",
      "resolved": "https://registry.npmjs.org/turbo-linux-arm64/-/turbo-linux-arm64-1.10.13.tgz",
      "integrity": "sha512-0iBKviSGQQlh2OjZgBsGjkPXoxvRIxrrLLbLObwJo3sOjIH0loGmVIimGS5E323soMfi/o+sidjk2wU1kFfD7Q==",
      "cpu": [
        "arm64"
      ],
      "optional": true,
      "os": [
        "linux"
      ]
    },
    "node_modules/turbo-windows-64": {
      "version": "1.10.13",
      "resolved": "https://registry.npmjs.org/turbo-windows-64/-/turbo-windows-64-1.10.13.tgz",
      "integrity": "sha512-S5XySRfW2AmnTeY1IT+Jdr6Goq7mxWganVFfrmqU+qqq3Om/nr0GkcUX+KTIo9mPrN0D3p5QViBRzulwB5iuUQ==",
      "cpu": [
        "x64"
      ],
      "optional": true,
      "os": [
        "win32"
      ]
    },
    "node_modules/turbo-windows-arm64": {
      "version": "1.10.13",
      "resolved": "https://registry.npmjs.org/turbo-windows-arm64/-/turbo-windows-arm64-1.10.13.tgz",
      "integrity": "sha512-nKol6+CyiExJIuoIc3exUQPIBjP9nIq5SkMJgJuxsot2hkgGrafAg/izVDRDrRduQcXj2s8LdtxJHvvnbI8hEQ==",
      "cpu": [
        "arm64"
      ],
      "optional": true,
      "os": [
        "win32"
      ]
    },
    "packages/lib": {
      "name": "snu-lib",
      "version": "1.0.0",
      "extraneous": true,
      "hasInstallScript": true,
      "license": "MIT",
      "dependencies": {
        "@rollup/plugin-commonjs": "^25.0.3",
        "sanitize-html": "^2.11.0"
      },
      "devDependencies": {
        "@babel/core": "^7.21.8",
        "@babel/preset-env": "^7.21.5",
        "@rollup/plugin-babel": "^6.0.3",
        "@rollup/plugin-node-resolve": "^15.0.2",
        "eslint": "^8.41.0",
        "rollup": "^2.79.1"
      }
    }
  }
}
